
Microsoft Visual Studio Solution File, Format Version 12.00
# Visual Studio 15
VisualStudioVersion = 15.0.28307.757
MinimumVisualStudioVersion = 10.0.40219.1
Project("{9A19103F-16F7-4668-BE54-9A1E7A4F7556}") = "OsmanKURT", "OsmanKURT\OsmanKURT.csproj", "{A431E44A-6BE7-4C7A-AACC-B341FEBFB294}"
EndProject
Project("{2150E333-8FDC-42A3-9474-1A3956D46DE8}") = "Business", "Business", "{F3F68840-DC60-4181-B269-D5689BD40446}"
EndProject
Project("{2150E333-8FDC-42A3-9474-1A3956D46DE8}") = "BusinessEntities", "BusinessEntities", "{58D9542E-E867-4869-8454-FC3612E8B531}"
EndProject
Project("{2150E333-8FDC-42A3-9474-1A3956D46DE8}") = "ClientEntities", "ClientEntities", "{1AF9483B-8C1B-48DF-B3DD-290EA6D556F0}"
EndProject
Project("{2150E333-8FDC-42A3-9474-1A3956D46DE8}") = "Common", "Common", "{B7425610-576B-4D7B-8FC8-6C53467CA273}"
EndProject
Project("{2150E333-8FDC-42A3-9474-1A3956D46DE8}") = "Core", "Core", "{EAD41481-3E04-4B6B-9F99-AD8225AA5D1F}"
EndProject
Project("{2150E333-8FDC-42A3-9474-1A3956D46DE8}") = "Data", "Data", "{CAE3C510-847D-42F4-A356-6E1860310C7B}"
EndProject
Project("{9A19103F-16F7-4668-BE54-9A1E7A4F7556}") = "OsmanKURT.Business", "OsmanKURT.Business\OsmanKURT.Business.csproj", "{5C2A308A-D35B-4EFF-8FAD-D21E4656AEE0}"
EndProject
Project("{9A19103F-16F7-4668-BE54-9A1E7A4F7556}") = "OsmanKURT.Business.Contracts", "OsmanKURT.Business.Contracts\OsmanKURT.Business.Contracts.csproj", "{75A6D0F5-C9A5-44A2-8200-AE9D7C79EAC9}"
EndProject
Project("{9A19103F-16F7-4668-BE54-9A1E7A4F7556}") = "OsmanKURT.Business.Entities", "OsmanKURT.Business.Entities\OsmanKURT.Business.Entities.csproj", "{B6F9BCEE-8E96-4A97-9692-BC9E55C54B7E}"
EndProject
Project("{9A19103F-16F7-4668-BE54-9A1E7A4F7556}") = "OsmanKURT.ClientEntites", "OsmanKURT.ClientEntites\OsmanKURT.ClientEntites.csproj", "{0F93A4B7-15E2-441F-B062-7C199FD5045B}"
EndProject
Project("{9A19103F-16F7-4668-BE54-9A1E7A4F7556}") = "OsmanKURT.Common", "OsmanKURT.Common\OsmanKURT.Common.csproj", "{9209AF38-2190-497A-96F3-9596F21F61AF}"
EndProject
Project("{9A19103F-16F7-4668-BE54-9A1E7A4F7556}") = "OsmanKURT.Data", "OsmanKURT.Data\OsmanKURT.Data.csproj", "{BC75D2A0-CAF2-47D2-982A-8374B8A07007}"
EndProject
Project("{9A19103F-16F7-4668-BE54-9A1E7A4F7556}") = "OsmanKURT.Data.Contracts", "OsmanKURT.Data.Contracts\OsmanKURT.Data.Contracts.csproj", "{623E7CC9-FDBA-404E-B31E-2DD338DE7B91}"
EndProject
Project("{9A19103F-16F7-4668-BE54-9A1E7A4F7556}") = "OsmanKURT.Cache", "OsmanKURT.Cache\OsmanKURT.Cache.csproj", "{3DC821CE-D3FC-4C9A-9285-3F7E114ED2F9}"
EndProject
Project("{9A19103F-16F7-4668-BE54-9A1E7A4F7556}") = "OsmanKURT.Exception", "OsmanKURT.Exception\OsmanKURT.Exception.csproj", "{4072132B-9F4E-4D92-9761-637DF0033DCC}"
EndProject
Project("{9A19103F-16F7-4668-BE54-9A1E7A4F7556}") = "OsmanKURT.Log", "OsmanKURT.Log\OsmanKURT.Log.csproj", "{654D459D-D5EE-49D1-8BAE-492F87741383}"
EndProject
Project("{9A19103F-16F7-4668-BE54-9A1E7A4F7556}") = "OsmanKURT.Mail", "OsmanKURT.Mail\OsmanKURT.Mail.csproj", "{D02FB78E-EF99-43BD-9168-5D48D1EE537E}"
EndProject
Project("{9A19103F-16F7-4668-BE54-9A1E7A4F7556}") = "OsmanKURT.Token", "OsmanKURT.Token\OsmanKURT.Token.csproj", "{ECE6FDFA-D232-4400-8512-270F7FB2BCE2}"
EndProject
Project("{2150E333-8FDC-42A3-9474-1A3956D46DE8}") = "Test", "Test", "{229FD9B1-3F0A-4B61-BB05-D71967B00E9A}"
EndProject
Project("{FAE04EC0-301F-11D3-BF4B-00C04F79EFBC}") = "OsmanKURT.UnitTest", "OsmanKURT.UnitTest\OsmanKURT.UnitTest.csproj", "{C8BB3804-7614-4636-A495-006F517E880B}"
EndProject
Global
	GlobalSection(SolutionConfigurationPlatforms) = preSolution
		Debug|Any CPU = Debug|Any CPU
		Release|Any CPU = Release|Any CPU
	EndGlobalSection
	GlobalSection(ProjectConfigurationPlatforms) = postSolution
		{A431E44A-6BE7-4C7A-AACC-B341FEBFB294}.Debug|Any CPU.ActiveCfg = Debug|Any CPU
		{A431E44A-6BE7-4C7A-AACC-B341FEBFB294}.Debug|Any CPU.Build.0 = Debug|Any CPU
		{A431E44A-6BE7-4C7A-AACC-B341FEBFB294}.Release|Any CPU.ActiveCfg = Release|Any CPU
		{A431E44A-6BE7-4C7A-AACC-B341FEBFB294}.Release|Any CPU.Build.0 = Release|Any CPU
		{5C2A308A-D35B-4EFF-8FAD-D21E4656AEE0}.Debug|Any CPU.ActiveCfg = Debug|Any CPU
		{5C2A308A-D35B-4EFF-8FAD-D21E4656AEE0}.Debug|Any CPU.Build.0 = Debug|Any CPU
		{5C2A308A-D35B-4EFF-8FAD-D21E4656AEE0}.Release|Any CPU.ActiveCfg = Release|Any CPU
		{5C2A308A-D35B-4EFF-8FAD-D21E4656AEE0}.Release|Any CPU.Build.0 = Release|Any CPU
		{75A6D0F5-C9A5-44A2-8200-AE9D7C79EAC9}.Debug|Any CPU.ActiveCfg = Debug|Any CPU
		{75A6D0F5-C9A5-44A2-8200-AE9D7C79EAC9}.Debug|Any CPU.Build.0 = Debug|Any CPU
		{75A6D0F5-C9A5-44A2-8200-AE9D7C79EAC9}.Release|Any CPU.ActiveCfg = Release|Any CPU
		{75A6D0F5-C9A5-44A2-8200-AE9D7C79EAC9}.Release|Any CPU.Build.0 = Release|Any CPU
		{B6F9BCEE-8E96-4A97-9692-BC9E55C54B7E}.Debug|Any CPU.ActiveCfg = Debug|Any CPU
		{B6F9BCEE-8E96-4A97-9692-BC9E55C54B7E}.Debug|Any CPU.Build.0 = Debug|Any CPU
		{B6F9BCEE-8E96-4A97-9692-BC9E55C54B7E}.Release|Any CPU.ActiveCfg = Release|Any CPU
		{B6F9BCEE-8E96-4A97-9692-BC9E55C54B7E}.Release|Any CPU.Build.0 = Release|Any CPU
		{0F93A4B7-15E2-441F-B062-7C199FD5045B}.Debug|Any CPU.ActiveCfg = Debug|Any CPU
		{0F93A4B7-15E2-441F-B062-7C199FD5045B}.Debug|Any CPU.Build.0 = Debug|Any CPU
		{0F93A4B7-15E2-441F-B062-7C199FD5045B}.Release|Any CPU.ActiveCfg = Release|Any CPU
		{0F93A4B7-15E2-441F-B062-7C199FD5045B}.Release|Any CPU.Build.0 = Release|Any CPU
		{9209AF38-2190-497A-96F3-9596F21F61AF}.Debug|Any CPU.ActiveCfg = Debug|Any CPU
		{9209AF38-2190-497A-96F3-9596F21F61AF}.Debug|Any CPU.Build.0 = Debug|Any CPU
		{9209AF38-2190-497A-96F3-9596F21F61AF}.Release|Any CPU.ActiveCfg = Release|Any CPU
		{9209AF38-2190-497A-96F3-9596F21F61AF}.Release|Any CPU.Build.0 = Release|Any CPU
		{BC75D2A0-CAF2-47D2-982A-8374B8A07007}.Debug|Any CPU.ActiveCfg = Debug|Any CPU
		{BC75D2A0-CAF2-47D2-982A-8374B8A07007}.Debug|Any CPU.Build.0 = Debug|Any CPU
		{BC75D2A0-CAF2-47D2-982A-8374B8A07007}.Release|Any CPU.ActiveCfg = Release|Any CPU
		{BC75D2A0-CAF2-47D2-982A-8374B8A07007}.Release|Any CPU.Build.0 = Release|Any CPU
		{623E7CC9-FDBA-404E-B31E-2DD338DE7B91}.Debug|Any CPU.ActiveCfg = Debug|Any CPU
		{623E7CC9-FDBA-404E-B31E-2DD338DE7B91}.Debug|Any CPU.Build.0 = Debug|Any CPU
		{623E7CC9-FDBA-404E-B31E-2DD338DE7B91}.Release|Any CPU.ActiveCfg = Release|Any CPU
		{623E7CC9-FDBA-404E-B31E-2DD338DE7B91}.Release|Any CPU.Build.0 = Release|Any CPU
		{3DC821CE-D3FC-4C9A-9285-3F7E114ED2F9}.Debug|Any CPU.ActiveCfg = Debug|Any CPU
		{3DC821CE-D3FC-4C9A-9285-3F7E114ED2F9}.Debug|Any CPU.Build.0 = Debug|Any CPU
		{3DC821CE-D3FC-4C9A-9285-3F7E114ED2F9}.Release|Any CPU.ActiveCfg = Release|Any CPU
		{3DC821CE-D3FC-4C9A-9285-3F7E114ED2F9}.Release|Any CPU.Build.0 = Release|Any CPU
		{4072132B-9F4E-4D92-9761-637DF0033DCC}.Debug|Any CPU.ActiveCfg = Debug|Any CPU
		{4072132B-9F4E-4D92-9761-637DF0033DCC}.Debug|Any CPU.Build.0 = Debug|Any CPU
		{4072132B-9F4E-4D92-9761-637DF0033DCC}.Release|Any CPU.ActiveCfg = Release|Any CPU
		{4072132B-9F4E-4D92-9761-637DF0033DCC}.Release|Any CPU.Build.0 = Release|Any CPU
		{654D459D-D5EE-49D1-8BAE-492F87741383}.Debug|Any CPU.ActiveCfg = Debug|Any CPU
		{654D459D-D5EE-49D1-8BAE-492F87741383}.Debug|Any CPU.Build.0 = Debug|Any CPU
		{654D459D-D5EE-49D1-8BAE-492F87741383}.Release|Any CPU.ActiveCfg = Release|Any CPU
		{654D459D-D5EE-49D1-8BAE-492F87741383}.Release|Any CPU.Build.0 = Release|Any CPU
		{D02FB78E-EF99-43BD-9168-5D48D1EE537E}.Debug|Any CPU.ActiveCfg = Debug|Any CPU
		{D02FB78E-EF99-43BD-9168-5D48D1EE537E}.Debug|Any CPU.Build.0 = Debug|Any CPU
		{D02FB78E-EF99-43BD-9168-5D48D1EE537E}.Release|Any CPU.ActiveCfg = Release|Any CPU
		{D02FB78E-EF99-43BD-9168-5D48D1EE537E}.Release|Any CPU.Build.0 = Release|Any CPU
		{ECE6FDFA-D232-4400-8512-270F7FB2BCE2}.Debug|Any CPU.ActiveCfg = Debug|Any CPU
		{ECE6FDFA-D232-4400-8512-270F7FB2BCE2}.Debug|Any CPU.Build.0 = Debug|Any CPU
		{ECE6FDFA-D232-4400-8512-270F7FB2BCE2}.Release|Any CPU.ActiveCfg = Release|Any CPU
		{ECE6FDFA-D232-4400-8512-270F7FB2BCE2}.Release|Any CPU.Build.0 = Release|Any CPU
		{C8BB3804-7614-4636-A495-006F517E880B}.Debug|Any CPU.ActiveCfg = Debug|Any CPU
		{C8BB3804-7614-4636-A495-006F517E880B}.Debug|Any CPU.Build.0 = Debug|Any CPU
		{C8BB3804-7614-4636-A495-006F517E880B}.Release|Any CPU.ActiveCfg = Release|Any CPU
		{C8BB3804-7614-4636-A495-006F517E880B}.Release|Any CPU.Build.0 = Release|Any CPU
	EndGlobalSection
	GlobalSection(SolutionProperties) = preSolution
		HideSolutionNode = FALSE
	EndGlobalSection
	GlobalSection(NestedProjects) = preSolution
		{5C2A308A-D35B-4EFF-8FAD-D21E4656AEE0} = {F3F68840-DC60-4181-B269-D5689BD40446}
		{75A6D0F5-C9A5-44A2-8200-AE9D7C79EAC9} = {F3F68840-DC60-4181-B269-D5689BD40446}
		{B6F9BCEE-8E96-4A97-9692-BC9E55C54B7E} = {58D9542E-E867-4869-8454-FC3612E8B531}
		{0F93A4B7-15E2-441F-B062-7C199FD5045B} = {1AF9483B-8C1B-48DF-B3DD-290EA6D556F0}
		{9209AF38-2190-497A-96F3-9596F21F61AF} = {B7425610-576B-4D7B-8FC8-6C53467CA273}
		{BC75D2A0-CAF2-47D2-982A-8374B8A07007} = {CAE3C510-847D-42F4-A356-6E1860310C7B}
		{623E7CC9-FDBA-404E-B31E-2DD338DE7B91} = {CAE3C510-847D-42F4-A356-6E1860310C7B}
		{3DC821CE-D3FC-4C9A-9285-3F7E114ED2F9} = {EAD41481-3E04-4B6B-9F99-AD8225AA5D1F}
		{4072132B-9F4E-4D92-9761-637DF0033DCC} = {EAD41481-3E04-4B6B-9F99-AD8225AA5D1F}
		{654D459D-D5EE-49D1-8BAE-492F87741383} = {EAD41481-3E04-4B6B-9F99-AD8225AA5D1F}
		{D02FB78E-EF99-43BD-9168-5D48D1EE537E} = {EAD41481-3E04-4B6B-9F99-AD8225AA5D1F}
		{ECE6FDFA-D232-4400-8512-270F7FB2BCE2} = {EAD41481-3E04-4B6B-9F99-AD8225AA5D1F}
		{C8BB3804-7614-4636-A495-006F517E880B} = {229FD9B1-3F0A-4B61-BB05-D71967B00E9A}
	EndGlobalSection
	GlobalSection(ExtensibilityGlobals) = postSolution
		SolutionGuid = {038AAC0A-C132-4FB8-8F00-E14F7E56DE70}
	EndGlobalSection
EndGlobal
